
Microsoft Visual Studio Solution File, Format Version 12.00
# Visual Studio Version 17
VisualStudioVersion = 17.3.32519.111
MinimumVisualStudioVersion = 10.0.40219.1
Project("{FAE04EC0-301F-11D3-BF4B-00C04F79EFBC}") = "FirstLesson_BackEnd", "FirstLesson_BackEnd.csproj", "{31103C35-0BA1-489C-92FD-EEE28D3B09FA}"
EndProject
Global
	GlobalSection(SolutionConfigurationPlatforms) = preSolution
		Debug|Any CPU = Debug|Any CPU
		Release|Any CPU = Release|Any CPU
	EndGlobalSection
	GlobalSection(ProjectConfigurationPlatforms) = postSolution
		{31103C35-0BA1-489C-92FD-EEE28D3B09FA}.Debug|Any CPU.ActiveCfg = Debug|Any CPU
		{31103C35-0BA1-489C-92FD-EEE28D3B09FA}.Debug|Any CPU.Build.0 = Debug|Any CPU
		{31103C35-0BA1-489C-92FD-EEE28D3B09FA}.Release|Any CPU.ActiveCfg = Release|Any CPU
		{31103C35-0BA1-489C-92FD-EEE28D3B09FA}.Release|Any CPU.Build.0 = Release|Any CPU
	EndGlobalSection
	GlobalSection(SolutionProperties) = preSolution
		HideSolutionNode = FALSE
	EndGlobalSection
	GlobalSection(ExtensibilityGlobals) = postSolution
		SolutionGuid = {6889862C-0E23-4E64-9F54-69C63EA22910}
	EndGlobalSection
EndGlobal
